
Microsoft Visual Studio Solution File, Format Version 12.00
# Visual Studio Version 16
VisualStudioVersion = 16.0.31624.102
MinimumVisualStudioVersion = 10.0.40219.1
Project("{FAE04EC0-301F-11D3-BF4B-00C04F79EFBC}") = "Omazon", "Omazon\Omazon.csproj", "{97A6AE9A-493F-4A55-8830-3AF6069D8CD1}"
EndProject
Global
	GlobalSection(SolutionConfigurationPlatforms) = preSolution
		Debug|Any CPU = Debug|Any CPU
		Release|Any CPU = Release|Any CPU
	EndGlobalSection
	GlobalSection(ProjectConfigurationPlatforms) = postSolution
		{97A6AE9A-493F-4A55-8830-3AF6069D8CD1}.Debug|Any CPU.ActiveCfg = Debug|Any CPU
		{97A6AE9A-493F-4A55-8830-3AF6069D8CD1}.Debug|Any CPU.Build.0 = Debug|Any CPU
		{97A6AE9A-493F-4A55-8830-3AF6069D8CD1}.Release|Any CPU.ActiveCfg = Release|Any CPU
		{97A6AE9A-493F-4A55-8830-3AF6069D8CD1}.Release|Any CPU.Build.0 = Release|Any CPU
	EndGlobalSection
	GlobalSection(SolutionProperties) = preSolution
		HideSolutionNode = FALSE
	EndGlobalSection
	GlobalSection(ExtensibilityGlobals) = postSolution
		SolutionGuid = {0CC1EF77-2DDA-49C2-9564-DB7B188ACECB}
	EndGlobalSection
EndGlobal
